// !$*UTF8*$!
{
	archiveVersion = 1;
	classes = {
	};
	objectVersion = 46;
	objects = {

/* Begin PBXBuildFile section */
		183B7626217B5E680056B3B1 /* CommonTableViewSectionVM.m in Sources */ = {isa = PBXBuildFile; fileRef = 183B7600217B5E680056B3B1 /* CommonTableViewSectionVM.m */; };
		183B7627217B5E680056B3B1 /* CommonTableViewCellVM.m in Sources */ = {isa = PBXBuildFile; fileRef = 183B7601217B5E680056B3B1 /* CommonTableViewCellVM.m */; };
		183B762B217B5E680056B3B1 /* CommonM.m in Sources */ = {isa = PBXBuildFile; fileRef = 183B7609217B5E680056B3B1 /* CommonM.m */; };
		183B762C217B5E680056B3B1 /* CommonTableViewCell.m in Sources */ = {isa = PBXBuildFile; fileRef = 183B760D217B5E680056B3B1 /* CommonTableViewCell.m */; };
		183B762D217B5E680056B3B1 /* CommonTableViewHeaderView.m in Sources */ = {isa = PBXBuildFile; fileRef = 183B760E217B5E680056B3B1 /* CommonTableViewHeaderView.m */; };
		183B7656217B63710056B3B1 /* QSPScrollViewVM.m in Sources */ = {isa = PBXBuildFile; fileRef = 183B763D217B63710056B3B1 /* QSPScrollViewVM.m */; };
		183B7657217B63710056B3B1 /* QSPViewVM.m in Sources */ = {isa = PBXBuildFile; fileRef = 183B763F217B63710056B3B1 /* QSPViewVM.m */; };
		183B7658217B63710056B3B1 /* QSPTableViewSectionVM.m in Sources */ = {isa = PBXBuildFile; fileRef = 183B7643217B63710056B3B1 /* QSPTableViewSectionVM.m */; };
		183B7659217B63710056B3B1 /* QSPTableViewVM.m in Sources */ = {isa = PBXBuildFile; fileRef = 183B7644217B63710056B3B1 /* QSPTableViewVM.m */; };
		183B765A217B63710056B3B1 /* QSPTableViewCellVM.m in Sources */ = {isa = PBXBuildFile; fileRef = 183B7645217B63710056B3B1 /* QSPTableViewCellVM.m */; };
		183B765B217B63710056B3B1 /* UITableView+QSPMVVM.m in Sources */ = {isa = PBXBuildFile; fileRef = 183B7649217B63710056B3B1 /* UITableView+QSPMVVM.m */; };
		183B765C217B63710056B3B1 /* QSPTableViewSectionM.m in Sources */ = {isa = PBXBuildFile; fileRef = 183B764C217B63710056B3B1 /* QSPTableViewSectionM.m */; };
		183B765D217B63710056B3B1 /* QSPView.m in Sources */ = {isa = PBXBuildFile; fileRef = 183B764E217B63710056B3B1 /* QSPView.m */; };
		183B765E217B63710056B3B1 /* QSPTableViewCell.m in Sources */ = {isa = PBXBuildFile; fileRef = 183B7650217B63710056B3B1 /* QSPTableViewCell.m */; };
		183B765F217B63710056B3B1 /* QSPTableViewFooterView.m in Sources */ = {isa = PBXBuildFile; fileRef = 183B7651217B63710056B3B1 /* QSPTableViewFooterView.m */; };
		183B7660217B63710056B3B1 /* QSPTableViewHeaderView.m in Sources */ = {isa = PBXBuildFile; fileRef = 183B7653217B63710056B3B1 /* QSPTableViewHeaderView.m */; };
		183B7663217BA2330056B3B1 /* MainVM.m in Sources */ = {isa = PBXBuildFile; fileRef = 183B7662217BA2330056B3B1 /* MainVM.m */; };
		183B7666217BAEB80056B3B1 /* MainCellM.m in Sources */ = {isa = PBXBuildFile; fileRef = 183B7665217BAEB80056B3B1 /* MainCellM.m */; };
		183B7669217BB6980056B3B1 /* DetailVM.m in Sources */ = {isa = PBXBuildFile; fileRef = 183B7668217BB6980056B3B1 /* DetailVM.m */; };
		183D688721757F83006F0CC4 /* Ticket.m in Sources */ = {isa = PBXBuildFile; fileRef = 183D688621757F83006F0CC4 /* Ticket.m */; };
		18DE76E91EDEAB090095997C /* Review.html in Resources */ = {isa = PBXBuildFile; fileRef = 18DE76E81EDEAB090095997C /* Review.html */; };
		18DE76EC1EDEAB420095997C /* JavaScriptCoreViewController.m in Sources */ = {isa = PBXBuildFile; fileRef = 18DE76EB1EDEAB420095997C /* JavaScriptCoreViewController.m */; };
		18DE76EF1EDEB1630095997C /* SampleBaseViewController.m in Sources */ = {isa = PBXBuildFile; fileRef = 18DE76EE1EDEB1630095997C /* SampleBaseViewController.m */; };
		18F1C0B21ED7B4E300DD4E24 /* main.m in Sources */ = {isa = PBXBuildFile; fileRef = 18F1C0B11ED7B4E300DD4E24 /* main.m */; };
		18F1C0B51ED7B4E300DD4E24 /* AppDelegate.m in Sources */ = {isa = PBXBuildFile; fileRef = 18F1C0B41ED7B4E300DD4E24 /* AppDelegate.m */; };
		18F1C0B81ED7B4E300DD4E24 /* MainViewController.m in Sources */ = {isa = PBXBuildFile; fileRef = 18F1C0B71ED7B4E300DD4E24 /* MainViewController.m */; };
		18F1C0BB1ED7B4E300DD4E24 /* Main.storyboard in Resources */ = {isa = PBXBuildFile; fileRef = 18F1C0B91ED7B4E300DD4E24 /* Main.storyboard */; };
		18F1C0BD1ED7B4E300DD4E24 /* Assets.xcassets in Resources */ = {isa = PBXBuildFile; fileRef = 18F1C0BC1ED7B4E300DD4E24 /* Assets.xcassets */; };
		18F1C0C01ED7B4E300DD4E24 /* LaunchScreen.storyboard in Resources */ = {isa = PBXBuildFile; fileRef = 18F1C0BE1ED7B4E300DD4E24 /* LaunchScreen.storyboard */; };
		18F1C0CB1ED7B4E300DD4E24 /* ReviewTests.m in Sources */ = {isa = PBXBuildFile; fileRef = 18F1C0CA1ED7B4E300DD4E24 /* ReviewTests.m */; };
		18F1C0D61ED7B4E300DD4E24 /* ReviewUITests.m in Sources */ = {isa = PBXBuildFile; fileRef = 18F1C0D51ED7B4E300DD4E24 /* ReviewUITests.m */; };
		18F1C0ED1ED7CC3900DD4E24 /* ReviewList.plist in Resources */ = {isa = PBXBuildFile; fileRef = 18F1C0EC1ED7CC3900DD4E24 /* ReviewList.plist */; };
		18F1C0F01ED7CD4D00DD4E24 /* DetailViewController.m in Sources */ = {isa = PBXBuildFile; fileRef = 18F1C0EF1ED7CD4D00DD4E24 /* DetailViewController.m */; };
		18F1C0F31ED919BA00DD4E24 /* NotificationViewController.m in Sources */ = {isa = PBXBuildFile; fileRef = 18F1C0F21ED919BA00DD4E24 /* NotificationViewController.m */; };
		5292BB3C5BE92998627BBD43 /* libPods-ReviewUITests.a in Frameworks */ = {isa = PBXBuildFile; fileRef = C96C3BDA85D1C6A780AFF396 /* libPods-ReviewUITests.a */; };
		5C4013AF219A7D73003976B9 /* BaseViewController.m in Sources */ = {isa = PBXBuildFile; fileRef = 5C4013AE219A7D73003976B9 /* BaseViewController.m */; };
		5C4013B2219A85E2003976B9 /* BaseVM.m in Sources */ = {isa = PBXBuildFile; fileRef = 5C4013B1219A85E2003976B9 /* BaseVM.m */; };
		5C4013B5219AB01D003976B9 /* BaseM.m in Sources */ = {isa = PBXBuildFile; fileRef = 5C4013B4219AB01D003976B9 /* BaseM.m */; };
		5C4013B8219AB246003976B9 /* ConFunc.m in Sources */ = {isa = PBXBuildFile; fileRef = 5C4013B7219AB246003976B9 /* ConFunc.m */; };
		5C4013BE219AC7F9003976B9 /* NotificationVM.m in Sources */ = {isa = PBXBuildFile; fileRef = 5C4013BD219AC7F9003976B9 /* NotificationVM.m */; };
		5C4013C1219ACE54003976B9 /* JavaScriptCoreVM.m in Sources */ = {isa = PBXBuildFile; fileRef = 5C4013C0219ACE54003976B9 /* JavaScriptCoreVM.m */; };
		5C6D9DAF22C4761700880CCC /* BubbleSortViewController.m in Sources */ = {isa = PBXBuildFile; fileRef = 5C6D9DAE22C4761700880CCC /* BubbleSortViewController.m */; };
		5C6D9DB222C47B0100880CCC /* CoordinateView.m in Sources */ = {isa = PBXBuildFile; fileRef = 5C6D9DB122C47B0100880CCC /* CoordinateView.m */; };
		5C6D9DB522C60A7200880CCC /* BubbleSortVM.m in Sources */ = {isa = PBXBuildFile; fileRef = 5C6D9DB422C60A7200880CCC /* BubbleSortVM.m */; };
		5CE27A9922C9F68A008727C7 /* CommonTableViewVM.m in Sources */ = {isa = PBXBuildFile; fileRef = 5CE27A9822C9F68A008727C7 /* CommonTableViewVM.m */; };
		5CE27AAB22CB4E29008727C7 /* SortModel.swift in Sources */ = {isa = PBXBuildFile; fileRef = 5CE27AAA22CB4E29008727C7 /* SortModel.swift */; };
		5CE27ADA22CCAE17008727C7 /* SelectionSortViewController.m in Sources */ = {isa = PBXBuildFile; fileRef = 5CE27AD922CCAE17008727C7 /* SelectionSortViewController.m */; };
		5CE27ADD22CCB014008727C7 /* SelectionSortVM.m in Sources */ = {isa = PBXBuildFile; fileRef = 5CE27ADC22CCB014008727C7 /* SelectionSortVM.m */; };
		5CE27ADF22CDE28F008727C7 /* BubbleSort.html in Resources */ = {isa = PBXBuildFile; fileRef = 5CE27ADE22CDE28F008727C7 /* BubbleSort.html */; };
		5CE27AE122CDE2E6008727C7 /* SelectionSort.html in Resources */ = {isa = PBXBuildFile; fileRef = 5CE27AE022CDE2E6008727C7 /* SelectionSort.html */; };
		73BFCF0C4A40457ACF1D1F65 /* libPods-Review.a in Frameworks */ = {isa = PBXBuildFile; fileRef = E735552343F3324CCE353F2C /* libPods-Review.a */; };
		96BFB7A2860CD4F8821EEF40 /* libPods-ReviewTests.a in Frameworks */ = {isa = PBXBuildFile; fileRef = 420ADEE6BF5D7D88C25C9007 /* libPods-ReviewTests.a */; };
/* End PBXBuildFile section */

/* Begin PBXContainerItemProxy section */
		18F1C0C71ED7B4E300DD4E24 /* PBXContainerItemProxy */ = {
			isa = PBXContainerItemProxy;
			containerPortal = 18F1C0A51ED7B4E300DD4E24 /* Project object */;
			proxyType = 1;
			remoteGlobalIDString = 18F1C0AC1ED7B4E300DD4E24;
			remoteInfo = Review;
		};
		18F1C0D21ED7B4E300DD4E24 /* PBXContainerItemProxy */ = {
			isa = PBXContainerItemProxy;
			containerPortal = 18F1C0A51ED7B4E300DD4E24 /* Project object */;
			proxyType = 1;
			remoteGlobalIDString = 18F1C0AC1ED7B4E300DD4E24;
			remoteInfo = Review;
		};
/* End PBXContainerItemProxy section */

/* Begin PBXFileReference section */
		0CA5C172A5A22BDC9D20E793 /* Pods-Review.debug.xcconfig */ = {isa = PBXFileReference; includeInIndex = 1; lastKnownFileType = text.xcconfig; name = "Pods-Review.debug.xcconfig"; path = "Pods/Target Support Files/Pods-Review/Pods-Review.debug.xcconfig"; sourceTree = "<group>"; };
		183B75FE217B5E680056B3B1 /* CommonTableViewSectionVM.h */ = {isa = PBXFileReference; fileEncoding = 4; lastKnownFileType = sourcecode.c.h; path = CommonTableViewSectionVM.h; sourceTree = "<group>"; };
		183B75FF217B5E680056B3B1 /* CommonTableViewCellVM.h */ = {isa = PBXFileReference; fileEncoding = 4; lastKnownFileType = sourcecode.c.h; path = CommonTableViewCellVM.h; sourceTree = "<group>"; };
		183B7600217B5E680056B3B1 /* CommonTableViewSectionVM.m */ = {isa = PBXFileReference; fileEncoding = 4; lastKnownFileType = sourcecode.c.objc; path = CommonTableViewSectionVM.m; sourceTree = "<group>"; };
		183B7601217B5E680056B3B1 /* CommonTableViewCellVM.m */ = {isa = PBXFileReference; fileEncoding = 4; lastKnownFileType = sourcecode.c.objc; path = CommonTableViewCellVM.m; sourceTree = "<group>"; };
		183B7607217B5E680056B3B1 /* CommonM.h */ = {isa = PBXFileReference; fileEncoding = 4; lastKnownFileType = sourcecode.c.h; path = CommonM.h; sourceTree = "<group>"; };
		183B7609217B5E680056B3B1 /* CommonM.m */ = {isa = PBXFileReference; fileEncoding = 4; lastKnownFileType = sourcecode.c.objc; path = CommonM.m; sourceTree = "<group>"; };
		183B760B217B5E680056B3B1 /* CommonTableViewCell.h */ = {isa = PBXFileReference; fileEncoding = 4; lastKnownFileType = sourcecode.c.h; path = CommonTableViewCell.h; sourceTree = "<group>"; };
		183B760C217B5E680056B3B1 /* CommonTableViewHeaderView.h */ = {isa = PBXFileReference; fileEncoding = 4; lastKnownFileType = sourcecode.c.h; path = CommonTableViewHeaderView.h; sourceTree = "<group>"; };
		183B760D217B5E680056B3B1 /* CommonTableViewCell.m */ = {isa = PBXFileReference; fileEncoding = 4; lastKnownFileType = sourcecode.c.objc; path = CommonTableViewCell.m; sourceTree = "<group>"; };
		183B760E217B5E680056B3B1 /* CommonTableViewHeaderView.m */ = {isa = PBXFileReference; fileEncoding = 4; lastKnownFileType = sourcecode.c.objc; path = CommonTableViewHeaderView.m; sourceTree = "<group>"; };
		183B763D217B63710056B3B1 /* QSPScrollViewVM.m */ = {isa = PBXFileReference; fileEncoding = 4; lastKnownFileType = sourcecode.c.objc; path = QSPScrollViewVM.m; sourceTree = "<group>"; };
		183B763E217B63710056B3B1 /* QSPTableViewSectionVM.h */ = {isa = PBXFileReference; fileEncoding = 4; lastKnownFileType = sourcecode.c.h; path = QSPTableViewSectionVM.h; sourceTree = "<group>"; };
		183B763F217B63710056B3B1 /* QSPViewVM.m */ = {isa = PBXFileReference; fileEncoding = 4; lastKnownFileType = sourcecode.c.objc; path = QSPViewVM.m; sourceTree = "<group>"; };
		183B7640217B63710056B3B1 /* QSPTableViewVM.h */ = {isa = PBXFileReference; fileEncoding = 4; lastKnownFileType = sourcecode.c.h; path = QSPTableViewVM.h; sourceTree = "<group>"; };
		183B7641217B63710056B3B1 /* QSPTableViewCellVM.h */ = {isa = PBXFileReference; fileEncoding = 4; lastKnownFileType = sourcecode.c.h; path = QSPTableViewCellVM.h; sourceTree = "<group>"; };
		183B7642217B63710056B3B1 /* QSPScrollViewVM.h */ = {isa = PBXFileReference; fileEncoding = 4; lastKnownFileType = sourcecode.c.h; path = QSPScrollViewVM.h; sourceTree = "<group>"; };
		183B7643217B63710056B3B1 /* QSPTableViewSectionVM.m */ = {isa = PBXFileReference; fileEncoding = 4; lastKnownFileType = sourcecode.c.objc; path = QSPTableViewSectionVM.m; sourceTree = "<group>"; };
		183B7644217B63710056B3B1 /* QSPTableViewVM.m */ = {isa = PBXFileReference; fileEncoding = 4; lastKnownFileType = sourcecode.c.objc; path = QSPTableViewVM.m; sourceTree = "<group>"; };
		183B7645217B63710056B3B1 /* QSPTableViewCellVM.m */ = {isa = PBXFileReference; fileEncoding = 4; lastKnownFileType = sourcecode.c.objc; path = QSPTableViewCellVM.m; sourceTree = "<group>"; };
		183B7646217B63710056B3B1 /* QSPViewVM.h */ = {isa = PBXFileReference; fileEncoding = 4; lastKnownFileType = sourcecode.c.h; path = QSPViewVM.h; sourceTree = "<group>"; };
		183B7648217B63710056B3B1 /* UITableView+QSPMVVM.h */ = {isa = PBXFileReference; fileEncoding = 4; lastKnownFileType = sourcecode.c.h; path = "UITableView+QSPMVVM.h"; sourceTree = "<group>"; };
		183B7649217B63710056B3B1 /* UITableView+QSPMVVM.m */ = {isa = PBXFileReference; fileEncoding = 4; lastKnownFileType = sourcecode.c.objc; path = "UITableView+QSPMVVM.m"; sourceTree = "<group>"; };
		183B764B217B63710056B3B1 /* QSPTableViewSectionM.h */ = {isa = PBXFileReference; fileEncoding = 4; lastKnownFileType = sourcecode.c.h; path = QSPTableViewSectionM.h; sourceTree = "<group>"; };
		183B764C217B63710056B3B1 /* QSPTableViewSectionM.m */ = {isa = PBXFileReference; fileEncoding = 4; lastKnownFileType = sourcecode.c.objc; path = QSPTableViewSectionM.m; sourceTree = "<group>"; };
		183B764E217B63710056B3B1 /* QSPView.m */ = {isa = PBXFileReference; fileEncoding = 4; lastKnownFileType = sourcecode.c.objc; path = QSPView.m; sourceTree = "<group>"; };
		183B764F217B63710056B3B1 /* QSPTableViewHeaderView.h */ = {isa = PBXFileReference; fileEncoding = 4; lastKnownFileType = sourcecode.c.h; path = QSPTableViewHeaderView.h; sourceTree = "<group>"; };
		183B7650217B63710056B3B1 /* QSPTableViewCell.m */ = {isa = PBXFileReference; fileEncoding = 4; lastKnownFileType = sourcecode.c.objc; path = QSPTableViewCell.m; sourceTree = "<group>"; };
		183B7651217B63710056B3B1 /* QSPTableViewFooterView.m */ = {isa = PBXFileReference; fileEncoding = 4; lastKnownFileType = sourcecode.c.objc; path = QSPTableViewFooterView.m; sourceTree = "<group>"; };
		183B7652217B63710056B3B1 /* QSPView.h */ = {isa = PBXFileReference; fileEncoding = 4; lastKnownFileType = sourcecode.c.h; path = QSPView.h; sourceTree = "<group>"; };
		183B7653217B63710056B3B1 /* QSPTableViewHeaderView.m */ = {isa = PBXFileReference; fileEncoding = 4; lastKnownFileType = sourcecode.c.objc; path = QSPTableViewHeaderView.m; sourceTree = "<group>"; };
		183B7654217B63710056B3B1 /* QSPTableViewFooterView.h */ = {isa = PBXFileReference; fileEncoding = 4; lastKnownFileType = sourcecode.c.h; path = QSPTableViewFooterView.h; sourceTree = "<group>"; };
		183B7655217B63710056B3B1 /* QSPTableViewCell.h */ = {isa = PBXFileReference; fileEncoding = 4; lastKnownFileType = sourcecode.c.h; path = QSPTableViewCell.h; sourceTree = "<group>"; };
		183B7661217BA2330056B3B1 /* MainVM.h */ = {isa = PBXFileReference; lastKnownFileType = sourcecode.c.h; path = MainVM.h; sourceTree = "<group>"; };
		183B7662217BA2330056B3B1 /* MainVM.m */ = {isa = PBXFileReference; lastKnownFileType = sourcecode.c.objc; path = MainVM.m; sourceTree = "<group>"; };
		183B7664217BAEB80056B3B1 /* MainCellM.h */ = {isa = PBXFileReference; lastKnownFileType = sourcecode.c.h; path = MainCellM.h; sourceTree = "<group>"; };
		183B7665217BAEB80056B3B1 /* MainCellM.m */ = {isa = PBXFileReference; lastKnownFileType = sourcecode.c.objc; path = MainCellM.m; sourceTree = "<group>"; };
		183B7667217BB6980056B3B1 /* DetailVM.h */ = {isa = PBXFileReference; lastKnownFileType = sourcecode.c.h; path = DetailVM.h; sourceTree = "<group>"; };
		183B7668217BB6980056B3B1 /* DetailVM.m */ = {isa = PBXFileReference; lastKnownFileType = sourcecode.c.objc; path = DetailVM.m; sourceTree = "<group>"; };
		183D688521757F83006F0CC4 /* Ticket.h */ = {isa = PBXFileReference; lastKnownFileType = sourcecode.c.h; path = Ticket.h; sourceTree = "<group>"; };
		183D688621757F83006F0CC4 /* Ticket.m */ = {isa = PBXFileReference; lastKnownFileType = sourcecode.c.objc; path = Ticket.m; sourceTree = "<group>"; };
		18DE76E81EDEAB090095997C /* Review.html */ = {isa = PBXFileReference; fileEncoding = 4; lastKnownFileType = text.html; path = Review.html; sourceTree = "<group>"; };
		18DE76EA1EDEAB420095997C /* JavaScriptCoreViewController.h */ = {isa = PBXFileReference; fileEncoding = 4; lastKnownFileType = sourcecode.c.h; path = JavaScriptCoreViewController.h; sourceTree = "<group>"; };
		18DE76EB1EDEAB420095997C /* JavaScriptCoreViewController.m */ = {isa = PBXFileReference; fileEncoding = 4; lastKnownFileType = sourcecode.c.objc; path = JavaScriptCoreViewController.m; sourceTree = "<group>"; };
		18DE76ED1EDEB1630095997C /* SampleBaseViewController.h */ = {isa = PBXFileReference; fileEncoding = 4; lastKnownFileType = sourcecode.c.h; path = SampleBaseViewController.h; sourceTree = "<group>"; };
		18DE76EE1EDEB1630095997C /* SampleBaseViewController.m */ = {isa = PBXFileReference; fileEncoding = 4; lastKnownFileType = sourcecode.c.objc; path = SampleBaseViewController.m; sourceTree = "<group>"; };
		18F1C0AD1ED7B4E300DD4E24 /* Review.app */ = {isa = PBXFileReference; explicitFileType = wrapper.application; includeInIndex = 0; path = Review.app; sourceTree = BUILT_PRODUCTS_DIR; };
		18F1C0B11ED7B4E300DD4E24 /* main.m */ = {isa = PBXFileReference; lastKnownFileType = sourcecode.c.objc; path = main.m; sourceTree = "<group>"; };
		18F1C0B31ED7B4E300DD4E24 /* AppDelegate.h */ = {isa = PBXFileReference; lastKnownFileType = sourcecode.c.h; path = AppDelegate.h; sourceTree = "<group>"; };
		18F1C0B41ED7B4E300DD4E24 /* AppDelegate.m */ = {isa = PBXFileReference; lastKnownFileType = sourcecode.c.objc; path = AppDelegate.m; sourceTree = "<group>"; };
		18F1C0B61ED7B4E300DD4E24 /* MainViewController.h */ = {isa = PBXFileReference; lastKnownFileType = sourcecode.c.h; path = MainViewController.h; sourceTree = "<group>"; };
		18F1C0B71ED7B4E300DD4E24 /* MainViewController.m */ = {isa = PBXFileReference; lastKnownFileType = sourcecode.c.objc; path = MainViewController.m; sourceTree = "<group>"; };
		18F1C0BA1ED7B4E300DD4E24 /* Base */ = {isa = PBXFileReference; lastKnownFileType = file.storyboard; name = Base; path = Base.lproj/Main.storyboard; sourceTree = "<group>"; };
		18F1C0BC1ED7B4E300DD4E24 /* Assets.xcassets */ = {isa = PBXFileReference; lastKnownFileType = folder.assetcatalog; path = Assets.xcassets; sourceTree = "<group>"; };
		18F1C0BF1ED7B4E300DD4E24 /* Base */ = {isa = PBXFileReference; lastKnownFileType = file.storyboard; name = Base; path = Base.lproj/LaunchScreen.storyboard; sourceTree = "<group>"; };
		18F1C0C11ED7B4E300DD4E24 /* Info.plist */ = {isa = PBXFileReference; lastKnownFileType = text.plist.xml; path = Info.plist; sourceTree = "<group>"; };
		18F1C0C61ED7B4E300DD4E24 /* ReviewTests.xctest */ = {isa = PBXFileReference; explicitFileType = wrapper.cfbundle; includeInIndex = 0; path = ReviewTests.xctest; sourceTree = BUILT_PRODUCTS_DIR; };
		18F1C0CA1ED7B4E300DD4E24 /* ReviewTests.m */ = {isa = PBXFileReference; lastKnownFileType = sourcecode.c.objc; path = ReviewTests.m; sourceTree = "<group>"; };
		18F1C0CC1ED7B4E300DD4E24 /* Info.plist */ = {isa = PBXFileReference; lastKnownFileType = text.plist.xml; path = Info.plist; sourceTree = "<group>"; };
		18F1C0D11ED7B4E300DD4E24 /* ReviewUITests.xctest */ = {isa = PBXFileReference; explicitFileType = wrapper.cfbundle; includeInIndex = 0; path = ReviewUITests.xctest; sourceTree = BUILT_PRODUCTS_DIR; };
		18F1C0D51ED7B4E300DD4E24 /* ReviewUITests.m */ = {isa = PBXFileReference; lastKnownFileType = sourcecode.c.objc; path = ReviewUITests.m; sourceTree = "<group>"; };
		18F1C0D71ED7B4E300DD4E24 /* Info.plist */ = {isa = PBXFileReference; lastKnownFileType = text.plist.xml; path = Info.plist; sourceTree = "<group>"; };
		18F1C0EC1ED7CC3900DD4E24 /* ReviewList.plist */ = {isa = PBXFileReference; fileEncoding = 4; lastKnownFileType = text.plist.xml; path = ReviewList.plist; sourceTree = "<group>"; };
		18F1C0EE1ED7CD4D00DD4E24 /* DetailViewController.h */ = {isa = PBXFileReference; fileEncoding = 4; lastKnownFileType = sourcecode.c.h; path = DetailViewController.h; sourceTree = "<group>"; };
		18F1C0EF1ED7CD4D00DD4E24 /* DetailViewController.m */ = {isa = PBXFileReference; fileEncoding = 4; lastKnownFileType = sourcecode.c.objc; path = DetailViewController.m; sourceTree = "<group>"; };
		18F1C0F11ED919BA00DD4E24 /* NotificationViewController.h */ = {isa = PBXFileReference; fileEncoding = 4; lastKnownFileType = sourcecode.c.h; path = NotificationViewController.h; sourceTree = "<group>"; };
		18F1C0F21ED919BA00DD4E24 /* NotificationViewController.m */ = {isa = PBXFileReference; fileEncoding = 4; lastKnownFileType = sourcecode.c.objc; path = NotificationViewController.m; sourceTree = "<group>"; };
		2F4B22FFF908683B362871CD /* Pods-Review.release.xcconfig */ = {isa = PBXFileReference; includeInIndex = 1; lastKnownFileType = text.xcconfig; name = "Pods-Review.release.xcconfig"; path = "Pods/Target Support Files/Pods-Review/Pods-Review.release.xcconfig"; sourceTree = "<group>"; };
		420ADEE6BF5D7D88C25C9007 /* libPods-ReviewTests.a */ = {isa = PBXFileReference; explicitFileType = archive.ar; includeInIndex = 0; path = "libPods-ReviewTests.a"; sourceTree = BUILT_PRODUCTS_DIR; };
		5C4013AA219A7A52003976B9 /* CommonDefine.h */ = {isa = PBXFileReference; fileEncoding = 4; lastKnownFileType = sourcecode.c.h; path = CommonDefine.h; sourceTree = "<group>"; };
		5C4013AB219A7B14003976B9 /* PrefixHeader.pch */ = {isa = PBXFileReference; lastKnownFileType = sourcecode.c.h; path = PrefixHeader.pch; sourceTree = "<group>"; };
		5C4013AD219A7D73003976B9 /* BaseViewController.h */ = {isa = PBXFileReference; lastKnownFileType = sourcecode.c.h; path = BaseViewController.h; sourceTree = "<group>"; };
		5C4013AE219A7D73003976B9 /* BaseViewController.m */ = {isa = PBXFileReference; lastKnownFileType = sourcecode.c.objc; path = BaseViewController.m; sourceTree = "<group>"; };
		5C4013B0219A85E2003976B9 /* BaseVM.h */ = {isa = PBXFileReference; lastKnownFileType = sourcecode.c.h; path = BaseVM.h; sourceTree = "<group>"; };
		5C4013B1219A85E2003976B9 /* BaseVM.m */ = {isa = PBXFileReference; lastKnownFileType = sourcecode.c.objc; path = BaseVM.m; sourceTree = "<group>"; };
		5C4013B3219AB01D003976B9 /* BaseM.h */ = {isa = PBXFileReference; lastKnownFileType = sourcecode.c.h; path = BaseM.h; sourceTree = "<group>"; };
		5C4013B4219AB01D003976B9 /* BaseM.m */ = {isa = PBXFileReference; lastKnownFileType = sourcecode.c.objc; path = BaseM.m; sourceTree = "<group>"; };
		5C4013B6219AB246003976B9 /* ConFunc.h */ = {isa = PBXFileReference; lastKnownFileType = sourcecode.c.h; path = ConFunc.h; sourceTree = "<group>"; };
		5C4013B7219AB246003976B9 /* ConFunc.m */ = {isa = PBXFileReference; lastKnownFileType = sourcecode.c.objc; path = ConFunc.m; sourceTree = "<group>"; };
		5C4013BC219AC7F9003976B9 /* NotificationVM.h */ = {isa = PBXFileReference; lastKnownFileType = sourcecode.c.h; path = NotificationVM.h; sourceTree = "<group>"; };
		5C4013BD219AC7F9003976B9 /* NotificationVM.m */ = {isa = PBXFileReference; lastKnownFileType = sourcecode.c.objc; path = NotificationVM.m; sourceTree = "<group>"; };
		5C4013BF219ACE54003976B9 /* JavaScriptCoreVM.h */ = {isa = PBXFileReference; lastKnownFileType = sourcecode.c.h; path = JavaScriptCoreVM.h; sourceTree = "<group>"; };
		5C4013C0219ACE54003976B9 /* JavaScriptCoreVM.m */ = {isa = PBXFileReference; lastKnownFileType = sourcecode.c.objc; path = JavaScriptCoreVM.m; sourceTree = "<group>"; };
		5C6D9DAD22C4761700880CCC /* BubbleSortViewController.h */ = {isa = PBXFileReference; lastKnownFileType = sourcecode.c.h; path = BubbleSortViewController.h; sourceTree = "<group>"; };
		5C6D9DAE22C4761700880CCC /* BubbleSortViewController.m */ = {isa = PBXFileReference; lastKnownFileType = sourcecode.c.objc; path = BubbleSortViewController.m; sourceTree = "<group>"; };
		5C6D9DB022C47B0100880CCC /* CoordinateView.h */ = {isa = PBXFileReference; lastKnownFileType = sourcecode.c.h; name = CoordinateView.h; path = Review/Class/Controller/CoordinateView.h; sourceTree = SOURCE_ROOT; };
		5C6D9DB122C47B0100880CCC /* CoordinateView.m */ = {isa = PBXFileReference; lastKnownFileType = sourcecode.c.objc; name = CoordinateView.m; path = Review/Class/Controller/CoordinateView.m; sourceTree = SOURCE_ROOT; };
		5C6D9DB322C60A7100880CCC /* BubbleSortVM.h */ = {isa = PBXFileReference; lastKnownFileType = sourcecode.c.h; path = BubbleSortVM.h; sourceTree = "<group>"; };
		5C6D9DB422C60A7200880CCC /* BubbleSortVM.m */ = {isa = PBXFileReference; lastKnownFileType = sourcecode.c.objc; path = BubbleSortVM.m; sourceTree = "<group>"; };
		5CE27A9722C9F68A008727C7 /* CommonTableViewVM.h */ = {isa = PBXFileReference; lastKnownFileType = sourcecode.c.h; path = CommonTableViewVM.h; sourceTree = "<group>"; };
		5CE27A9822C9F68A008727C7 /* CommonTableViewVM.m */ = {isa = PBXFileReference; lastKnownFileType = sourcecode.c.objc; path = CommonTableViewVM.m; sourceTree = "<group>"; };
		5CE27AA722CB4D34008727C7 /* Review-Bridging-Header.h */ = {isa = PBXFileReference; lastKnownFileType = sourcecode.c.h; path = "Review-Bridging-Header.h"; sourceTree = "<group>"; };
		5CE27AAA22CB4E29008727C7 /* SortModel.swift */ = {isa = PBXFileReference; lastKnownFileType = sourcecode.swift; path = SortModel.swift; sourceTree = "<group>"; };
		5CE27AD822CCAE17008727C7 /* SelectionSortViewController.h */ = {isa = PBXFileReference; lastKnownFileType = sourcecode.c.h; path = SelectionSortViewController.h; sourceTree = "<group>"; };
		5CE27AD922CCAE17008727C7 /* SelectionSortViewController.m */ = {isa = PBXFileReference; lastKnownFileType = sourcecode.c.objc; path = SelectionSortViewController.m; sourceTree = "<group>"; };
		5CE27ADB22CCB014008727C7 /* SelectionSortVM.h */ = {isa = PBXFileReference; lastKnownFileType = sourcecode.c.h; path = SelectionSortVM.h; sourceTree = "<group>"; };
		5CE27ADC22CCB014008727C7 /* SelectionSortVM.m */ = {isa = PBXFileReference; lastKnownFileType = sourcecode.c.objc; path = SelectionSortVM.m; sourceTree = "<group>"; };
		5CE27ADE22CDE28F008727C7 /* BubbleSort.html */ = {isa = PBXFileReference; fileEncoding = 4; lastKnownFileType = text.html; path = BubbleSort.html; sourceTree = "<group>"; };
		5CE27AE022CDE2E6008727C7 /* SelectionSort.html */ = {isa = PBXFileReference; fileEncoding = 4; lastKnownFileType = text.html; path = SelectionSort.html; sourceTree = "<group>"; };
		6735F191D0713D527C602580 /* Pods-ReviewTests.debug.xcconfig */ = {isa = PBXFileReference; includeInIndex = 1; lastKnownFileType = text.xcconfig; name = "Pods-ReviewTests.debug.xcconfig"; path = "Pods/Target Support Files/Pods-ReviewTests/Pods-ReviewTests.debug.xcconfig"; sourceTree = "<group>"; };
		7D773890688DBC6980659C1B /* Pods-ReviewTests.release.xcconfig */ = {isa = PBXFileReference; includeInIndex = 1; lastKnownFileType = text.xcconfig; name = "Pods-ReviewTests.release.xcconfig"; path = "Pods/Target Support Files/Pods-ReviewTests/Pods-ReviewTests.release.xcconfig"; sourceTree = "<group>"; };
		C96C3BDA85D1C6A780AFF396 /* libPods-ReviewUITests.a */ = {isa = PBXFileReference; explicitFileType = archive.ar; includeInIndex = 0; path = "libPods-ReviewUITests.a"; sourceTree = BUILT_PRODUCTS_DIR; };
		D8FF3820B67C63E33A6EBC26 /* Pods-ReviewUITests.release.xcconfig */ = {isa = PBXFileReference; includeInIndex = 1; lastKnownFileType = text.xcconfig; name = "Pods-ReviewUITests.release.xcconfig"; path = "Pods/Target Support Files/Pods-ReviewUITests/Pods-ReviewUITests.release.xcconfig"; sourceTree = "<group>"; };
		E735552343F3324CCE353F2C /* libPods-Review.a */ = {isa = PBXFileReference; explicitFileType = archive.ar; includeInIndex = 0; path = "libPods-Review.a"; sourceTree = BUILT_PRODUCTS_DIR; };
		F2681D142D1477B146D27200 /* Pods-ReviewUITests.debug.xcconfig */ = {isa = PBXFileReference; includeInIndex = 1; lastKnownFileType = text.xcconfig; name = "Pods-ReviewUITests.debug.xcconfig"; path = "Pods/Target Support Files/Pods-ReviewUITests/Pods-ReviewUITests.debug.xcconfig"; sourceTree = "<group>"; };
/* End PBXFileReference section */

/* Begin PBXFrameworksBuildPhase section */
		18F1C0AA1ED7B4E300DD4E24 /* Frameworks */ = {
			isa = PBXFrameworksBuildPhase;
			buildActionMask = 2147483647;
			files = (
				73BFCF0C4A40457ACF1D1F65 /* libPods-Review.a in Frameworks */,
			);
			runOnlyForDeploymentPostprocessing = 0;
		};
		18F1C0C31ED7B4E300DD4E24 /* Frameworks */ = {
			isa = PBXFrameworksBuildPhase;
			buildActionMask = 2147483647;
			files = (
				96BFB7A2860CD4F8821EEF40 /* libPods-ReviewTests.a in Frameworks */,
			);
			runOnlyForDeploymentPostprocessing = 0;
		};
		18F1C0CE1ED7B4E300DD4E24 /* Frameworks */ = {
			isa = PBXFrameworksBuildPhase;
			buildActionMask = 2147483647;
			files = (
				5292BB3C5BE92998627BBD43 /* libPods-ReviewUITests.a in Frameworks */,
			);
			runOnlyForDeploymentPostprocessing = 0;
		};
/* End PBXFrameworksBuildPhase section */

/* Begin PBXGroup section */
		0B2A3DB79E4E32B59C3C4FB2 /* Pods */ = {
			isa = PBXGroup;
			children = (
				0CA5C172A5A22BDC9D20E793 /* Pods-Review.debug.xcconfig */,
				2F4B22FFF908683B362871CD /* Pods-Review.release.xcconfig */,
				6735F191D0713D527C602580 /* Pods-ReviewTests.debug.xcconfig */,
				7D773890688DBC6980659C1B /* Pods-ReviewTests.release.xcconfig */,
				F2681D142D1477B146D27200 /* Pods-ReviewUITests.debug.xcconfig */,
				D8FF3820B67C63E33A6EBC26 /* Pods-ReviewUITests.release.xcconfig */,
			);
			name = Pods;
			sourceTree = "<group>";
		};
		183B75F3217B5D540056B3B1 /* Class */ = {
			isa = PBXGroup;
			children = (
				183B75FC217B5E680056B3B1 /* Common */,
				183B75F5217B5D540056B3B1 /* Tools */,
				183B75F9217B5D540056B3B1 /* Model */,
				183B75FA217B5D540056B3B1 /* View */,
				183B75F4217B5D540056B3B1 /* ViewModel */,
				183B75F8217B5D540056B3B1 /* Controller */,
				183B75F6217B5D540056B3B1 /* Other */,
			);
			path = Class;
			sourceTree = "<group>";
		};
		183B75F4217B5D540056B3B1 /* ViewModel */ = {
			isa = PBXGroup;
			children = (
				183B7661217BA2330056B3B1 /* MainVM.h */,
				183B7662217BA2330056B3B1 /* MainVM.m */,
				183B7667217BB6980056B3B1 /* DetailVM.h */,
				183B7668217BB6980056B3B1 /* DetailVM.m */,
				5C4013BC219AC7F9003976B9 /* NotificationVM.h */,
				5C4013BD219AC7F9003976B9 /* NotificationVM.m */,
				5C4013BF219ACE54003976B9 /* JavaScriptCoreVM.h */,
				5C4013C0219ACE54003976B9 /* JavaScriptCoreVM.m */,
				5C6D9DB322C60A7100880CCC /* BubbleSortVM.h */,
				5C6D9DB422C60A7200880CCC /* BubbleSortVM.m */,
				5CE27ADB22CCB014008727C7 /* SelectionSortVM.h */,
				5CE27ADC22CCB014008727C7 /* SelectionSortVM.m */,
			);
			path = ViewModel;
			sourceTree = "<group>";
		};
		183B75F5217B5D540056B3B1 /* Tools */ = {
			isa = PBXGroup;
			children = (
				183B763B217B63710056B3B1 /* QSPMVVM */,
			);
			path = Tools;
			sourceTree = "<group>";
		};
		183B75F6217B5D540056B3B1 /* Other */ = {
			isa = PBXGroup;
			children = (
				183B75FB217B5E130056B3B1 /* System */,
				5C4013A8219A707A003976B9 /* Source */,
			);
			path = Other;
			sourceTree = "<group>";
		};
		183B75F8217B5D540056B3B1 /* Controller */ = {
			isa = PBXGroup;
			children = (
				18F1C0B61ED7B4E300DD4E24 /* MainViewController.h */,
				18F1C0B71ED7B4E300DD4E24 /* MainViewController.m */,
				18F1C0EE1ED7CD4D00DD4E24 /* DetailViewController.h */,
				18F1C0EF1ED7CD4D00DD4E24 /* DetailViewController.m */,
				18DE76ED1EDEB1630095997C /* SampleBaseViewController.h */,
				18DE76EE1EDEB1630095997C /* SampleBaseViewController.m */,
				18F1C0F11ED919BA00DD4E24 /* NotificationViewController.h */,
				18F1C0F21ED919BA00DD4E24 /* NotificationViewController.m */,
				18DE76EA1EDEAB420095997C /* JavaScriptCoreViewController.h */,
				18DE76EB1EDEAB420095997C /* JavaScriptCoreViewController.m */,
				5C6D9DAD22C4761700880CCC /* BubbleSortViewController.h */,
				5C6D9DAE22C4761700880CCC /* BubbleSortViewController.m */,
				5CE27AD822CCAE17008727C7 /* SelectionSortViewController.h */,
				5CE27AD922CCAE17008727C7 /* SelectionSortViewController.m */,
			);
			path = Controller;
			sourceTree = "<group>";
		};
		183B75F9217B5D540056B3B1 /* Model */ = {
			isa = PBXGroup;
			children = (
				183B7664217BAEB80056B3B1 /* MainCellM.h */,
				183B7665217BAEB80056B3B1 /* MainCellM.m */,
				5CE27AAA22CB4E29008727C7 /* SortModel.swift */,
				5CE27AA722CB4D34008727C7 /* Review-Bridging-Header.h */,
			);
			path = Model;
			sourceTree = "<group>";
		};
		183B75FA217B5D540056B3B1 /* View */ = {
			isa = PBXGroup;
			children = (
				5C6D9DB022C47B0100880CCC /* CoordinateView.h */,
				5C6D9DB122C47B0100880CCC /* CoordinateView.m */,
			);
			path = View;
			sourceTree = "<group>";
		};
		183B75FB217B5E130056B3B1 /* System */ = {
			isa = PBXGroup;
			children = (
				18F1C0B11ED7B4E300DD4E24 /* main.m */,
				18F1C0B31ED7B4E300DD4E24 /* AppDelegate.h */,
				18F1C0B41ED7B4E300DD4E24 /* AppDelegate.m */,
				18F1C0B91ED7B4E300DD4E24 /* Main.storyboard */,
				18F1C0BC1ED7B4E300DD4E24 /* Assets.xcassets */,
				18F1C0BE1ED7B4E300DD4E24 /* LaunchScreen.storyboard */,
				18F1C0C11ED7B4E300DD4E24 /* Info.plist */,
			);
			path = System;
			sourceTree = "<group>";
		};
		183B75FC217B5E680056B3B1 /* Common */ = {
			isa = PBXGroup;
			children = (
				5C4013A9219A7A52003976B9 /* Source */,
				183B75FD217B5E680056B3B1 /* ViewModel */,
				183B7606217B5E680056B3B1 /* Model */,
				183B760A217B5E680056B3B1 /* View */,
				5C4013AC219A7D55003976B9 /* Controller */,
			);
			path = Common;
			sourceTree = "<group>";
		};
		183B75FD217B5E680056B3B1 /* ViewModel */ = {
			isa = PBXGroup;
			children = (
				5C4013B0219A85E2003976B9 /* BaseVM.h */,
				5C4013B1219A85E2003976B9 /* BaseVM.m */,
				183B75FE217B5E680056B3B1 /* CommonTableViewSectionVM.h */,
				183B7600217B5E680056B3B1 /* CommonTableViewSectionVM.m */,
				183B75FF217B5E680056B3B1 /* CommonTableViewCellVM.h */,
				183B7601217B5E680056B3B1 /* CommonTableViewCellVM.m */,
				5CE27A9722C9F68A008727C7 /* CommonTableViewVM.h */,
				5CE27A9822C9F68A008727C7 /* CommonTableViewVM.m */,
			);
			path = ViewModel;
			sourceTree = "<group>";
		};
		183B7606217B5E680056B3B1 /* Model */ = {
			isa = PBXGroup;
			children = (
				5C4013B3219AB01D003976B9 /* BaseM.h */,
				5C4013B4219AB01D003976B9 /* BaseM.m */,
				183B7607217B5E680056B3B1 /* CommonM.h */,
				183B7609217B5E680056B3B1 /* CommonM.m */,
			);
			path = Model;
			sourceTree = "<group>";
		};
		183B760A217B5E680056B3B1 /* View */ = {
			isa = PBXGroup;
			children = (
				183B760B217B5E680056B3B1 /* CommonTableViewCell.h */,
				183B760D217B5E680056B3B1 /* CommonTableViewCell.m */,
				183B760C217B5E680056B3B1 /* CommonTableViewHeaderView.h */,
				183B760E217B5E680056B3B1 /* CommonTableViewHeaderView.m */,
			);
			path = View;
			sourceTree = "<group>";
		};
		183B763B217B63710056B3B1 /* QSPMVVM */ = {
			isa = PBXGroup;
			children = (
				183B764A217B63710056B3B1 /* Model */,
				183B7647217B63710056B3B1 /* Category */,
				183B763C217B63710056B3B1 /* ViewModel */,
				183B764D217B63710056B3B1 /* View */,
			);
			path = QSPMVVM;
			sourceTree = "<group>";
		};
		183B763C217B63710056B3B1 /* ViewModel */ = {
			isa = PBXGroup;
			children = (
				183B7646217B63710056B3B1 /* QSPViewVM.h */,
				183B763F217B63710056B3B1 /* QSPViewVM.m */,
				183B7642217B63710056B3B1 /* QSPScrollViewVM.h */,
				183B763D217B63710056B3B1 /* QSPScrollViewVM.m */,
				183B763E217B63710056B3B1 /* QSPTableViewSectionVM.h */,
				183B7643217B63710056B3B1 /* QSPTableViewSectionVM.m */,
				183B7640217B63710056B3B1 /* QSPTableViewVM.h */,
				183B7644217B63710056B3B1 /* QSPTableViewVM.m */,
				183B7641217B63710056B3B1 /* QSPTableViewCellVM.h */,
				183B7645217B63710056B3B1 /* QSPTableViewCellVM.m */,
			);
			path = ViewModel;
			sourceTree = "<group>";
		};
		183B7647217B63710056B3B1 /* Category */ = {
			isa = PBXGroup;
			children = (
				183B7648217B63710056B3B1 /* UITableView+QSPMVVM.h */,
				183B7649217B63710056B3B1 /* UITableView+QSPMVVM.m */,
			);
			path = Category;
			sourceTree = "<group>";
		};
		183B764A217B63710056B3B1 /* Model */ = {
			isa = PBXGroup;
			children = (
				183B764B217B63710056B3B1 /* QSPTableViewSectionM.h */,
				183B764C217B63710056B3B1 /* QSPTableViewSectionM.m */,
			);
			name = Model;
			path = View/Model;
			sourceTree = "<group>";
		};
		183B764D217B63710056B3B1 /* View */ = {
			isa = PBXGroup;
			children = (
				183B7652217B63710056B3B1 /* QSPView.h */,
				183B764E217B63710056B3B1 /* QSPView.m */,
				183B764F217B63710056B3B1 /* QSPTableViewHeaderView.h */,
				183B7653217B63710056B3B1 /* QSPTableViewHeaderView.m */,
				183B7654217B63710056B3B1 /* QSPTableViewFooterView.h */,
				183B7651217B63710056B3B1 /* QSPTableViewFooterView.m */,
				183B7655217B63710056B3B1 /* QSPTableViewCell.h */,
				183B7650217B63710056B3B1 /* QSPTableViewCell.m */,
			);
			path = View;
			sourceTree = "<group>";
		};
		18F1C0A41ED7B4E300DD4E24 = {
			isa = PBXGroup;
			children = (
				18F1C0AF1ED7B4E300DD4E24 /* Review */,
				18F1C0C91ED7B4E300DD4E24 /* ReviewTests */,
				18F1C0D41ED7B4E300DD4E24 /* ReviewUITests */,
				18F1C0AE1ED7B4E300DD4E24 /* Products */,
				0B2A3DB79E4E32B59C3C4FB2 /* Pods */,
				3F0D0116E9C8BB5273B0FA78 /* Frameworks */,
			);
			sourceTree = "<group>";
		};
		18F1C0AE1ED7B4E300DD4E24 /* Products */ = {
			isa = PBXGroup;
			children = (
				18F1C0AD1ED7B4E300DD4E24 /* Review.app */,
				18F1C0C61ED7B4E300DD4E24 /* ReviewTests.xctest */,
				18F1C0D11ED7B4E300DD4E24 /* ReviewUITests.xctest */,
			);
			name = Products;
			sourceTree = "<group>";
		};
		18F1C0AF1ED7B4E300DD4E24 /* Review */ = {
			isa = PBXGroup;
			children = (
				183B75F3217B5D540056B3B1 /* Class */,
				183D688521757F83006F0CC4 /* Ticket.h */,
				183D688621757F83006F0CC4 /* Ticket.m */,
			);
			path = Review;
			sourceTree = "<group>";
		};
		18F1C0C91ED7B4E300DD4E24 /* ReviewTests */ = {
			isa = PBXGroup;
			children = (
				18F1C0CA1ED7B4E300DD4E24 /* ReviewTests.m */,
				18F1C0CC1ED7B4E300DD4E24 /* Info.plist */,
			);
			path = ReviewTests;
			sourceTree = "<group>";
		};
		18F1C0D41ED7B4E300DD4E24 /* ReviewUITests */ = {
			isa = PBXGroup;
			children = (
				18F1C0D51ED7B4E300DD4E24 /* ReviewUITests.m */,
				18F1C0D71ED7B4E300DD4E24 /* Info.plist */,
			);
			path = ReviewUITests;
			sourceTree = "<group>";
		};
		3F0D0116E9C8BB5273B0FA78 /* Frameworks */ = {
			isa = PBXGroup;
			children = (
				E735552343F3324CCE353F2C /* libPods-Review.a */,
				420ADEE6BF5D7D88C25C9007 /* libPods-ReviewTests.a */,
				C96C3BDA85D1C6A780AFF396 /* libPods-ReviewUITests.a */,
			);
			name = Frameworks;
			sourceTree = "<group>";
		};
		5C4013A8219A707A003976B9 /* Source */ = {
			isa = PBXGroup;
			children = (
				5CE27AE022CDE2E6008727C7 /* SelectionSort.html */,
				5CE27ADE22CDE28F008727C7 /* BubbleSort.html */,
				18F1C0EC1ED7CC3900DD4E24 /* ReviewList.plist */,
				18DE76E81EDEAB090095997C /* Review.html */,
			);
			path = Source;
			sourceTree = "<group>";
		};
		5C4013A9219A7A52003976B9 /* Source */ = {
			isa = PBXGroup;
			children = (
				5C4013AB219A7B14003976B9 /* PrefixHeader.pch */,
				5C4013AA219A7A52003976B9 /* CommonDefine.h */,
				5C4013B6219AB246003976B9 /* ConFunc.h */,
				5C4013B7219AB246003976B9 /* ConFunc.m */,
			);
			path = Source;
			sourceTree = "<group>";
		};
		5C4013AC219A7D55003976B9 /* Controller */ = {
			isa = PBXGroup;
			children = (
				5C4013AD219A7D73003976B9 /* BaseViewController.h */,
				5C4013AE219A7D73003976B9 /* BaseViewController.m */,
			);
			path = Controller;
			sourceTree = "<group>";
		};
/* End PBXGroup section */

/* Begin PBXNativeTarget section */
		18F1C0AC1ED7B4E300DD4E24 /* Review */ = {
			isa = PBXNativeTarget;
			buildConfigurationList = 18F1C0DA1ED7B4E300DD4E24 /* Build configuration list for PBXNativeTarget "Review" */;
			buildPhases = (
				84C8E7F229B478990904327F /* [CP] Check Pods Manifest.lock */,
				18F1C0A91ED7B4E300DD4E24 /* Sources */,
				18F1C0AA1ED7B4E300DD4E24 /* Frameworks */,
				18F1C0AB1ED7B4E300DD4E24 /* Resources */,
			);
			buildRules = (
			);
			dependencies = (
			);
			name = Review;
			productName = Review;
			productReference = 18F1C0AD1ED7B4E300DD4E24 /* Review.app */;
			productType = "com.apple.product-type.application";
		};
		18F1C0C51ED7B4E300DD4E24 /* ReviewTests */ = {
			isa = PBXNativeTarget;
			buildConfigurationList = 18F1C0DD1ED7B4E300DD4E24 /* Build configuration list for PBXNativeTarget "ReviewTests" */;
			buildPhases = (
				32FEFB10DF73160B5D907373 /* [CP] Check Pods Manifest.lock */,
				18F1C0C21ED7B4E300DD4E24 /* Sources */,
				18F1C0C31ED7B4E300DD4E24 /* Frameworks */,
				18F1C0C41ED7B4E300DD4E24 /* Resources */,
			);
			buildRules = (
			);
			dependencies = (
				18F1C0C81ED7B4E300DD4E24 /* PBXTargetDependency */,
			);
			name = ReviewTests;
			productName = ReviewTests;
			productReference = 18F1C0C61ED7B4E300DD4E24 /* ReviewTests.xctest */;
			productType = "com.apple.product-type.bundle.unit-test";
		};
		18F1C0D01ED7B4E300DD4E24 /* ReviewUITests */ = {
			isa = PBXNativeTarget;
			buildConfigurationList = 18F1C0E01ED7B4E300DD4E24 /* Build configuration list for PBXNativeTarget "ReviewUITests" */;
			buildPhases = (
				988433A02CCAB4B5D5BA1A8B /* [CP] Check Pods Manifest.lock */,
				18F1C0CD1ED7B4E300DD4E24 /* Sources */,
				18F1C0CE1ED7B4E300DD4E24 /* Frameworks */,
				18F1C0CF1ED7B4E300DD4E24 /* Resources */,
			);
			buildRules = (
			);
			dependencies = (
				18F1C0D31ED7B4E300DD4E24 /* PBXTargetDependency */,
			);
			name = ReviewUITests;
			productName = ReviewUITests;
			productReference = 18F1C0D11ED7B4E300DD4E24 /* ReviewUITests.xctest */;
			productType = "com.apple.product-type.bundle.ui-testing";
		};
/* End PBXNativeTarget section */

/* Begin PBXProject section */
		18F1C0A51ED7B4E300DD4E24 /* Project object */ = {
			isa = PBXProject;
			attributes = {
				LastUpgradeCheck = 0730;
				ORGANIZATIONNAME = QSP;
				TargetAttributes = {
					18F1C0AC1ED7B4E300DD4E24 = {
						CreatedOnToolsVersion = 7.3;
						DevelopmentTeam = CBB7T9SG3B;
						LastSwiftMigration = 1020;
						ProvisioningStyle = Automatic;
					};
					18F1C0C51ED7B4E300DD4E24 = {
						CreatedOnToolsVersion = 7.3;
						TestTargetID = 18F1C0AC1ED7B4E300DD4E24;
					};
					18F1C0D01ED7B4E300DD4E24 = {
						CreatedOnToolsVersion = 7.3;
						TestTargetID = 18F1C0AC1ED7B4E300DD4E24;
					};
				};
			};
			buildConfigurationList = 18F1C0A81ED7B4E300DD4E24 /* Build configuration list for PBXProject "Review" */;
			compatibilityVersion = "Xcode 3.2";
			developmentRegion = English;
			hasScannedForEncodings = 0;
			knownRegions = (
				English,
				en,
				Base,
			);
			mainGroup = 18F1C0A41ED7B4E300DD4E24;
			productRefGroup = 18F1C0AE1ED7B4E300DD4E24 /* Products */;
			projectDirPath = "";
			projectRoot = "";
			targets = (
				18F1C0AC1ED7B4E300DD4E24 /* Review */,
				18F1C0C51ED7B4E300DD4E24 /* ReviewTests */,
				18F1C0D01ED7B4E300DD4E24 /* ReviewUITests */,
			);
		};
/* End PBXProject section */

/* Begin PBXResourcesBuildPhase section */
		18F1C0AB1ED7B4E300DD4E24 /* Resources */ = {
			isa = PBXResourcesBuildPhase;
			buildActionMask = 2147483647;
			files = (
				18F1C0ED1ED7CC3900DD4E24 /* ReviewList.plist in Resources */,
				18F1C0C01ED7B4E300DD4E24 /* LaunchScreen.storyboard in Resources */,
				5CE27ADF22CDE28F008727C7 /* BubbleSort.html in Resources */,
				18F1C0BD1ED7B4E300DD4E24 /* Assets.xcassets in Resources */,
				18F1C0BB1ED7B4E300DD4E24 /* Main.storyboard in Resources */,
				18DE76E91EDEAB090095997C /* Review.html in Resources */,
				5CE27AE122CDE2E6008727C7 /* SelectionSort.html in Resources */,
			);
			runOnlyForDeploymentPostprocessing = 0;
		};
		18F1C0C41ED7B4E300DD4E24 /* Resources */ = {
			isa = PBXResourcesBuildPhase;
			buildActionMask = 2147483647;
			files = (
			);
			runOnlyForDeploymentPostprocessing = 0;
		};
		18F1C0CF1ED7B4E300DD4E24 /* Resources */ = {
			isa = PBXResourcesBuildPhase;
			buildActionMask = 2147483647;
			files = (
			);
			runOnlyForDeploymentPostprocessing = 0;
		};
/* End PBXResourcesBuildPhase section */

/* Begin PBXShellScriptBuildPhase section */
		32FEFB10DF73160B5D907373 /* [CP] Check Pods Manifest.lock */ = {
			isa = PBXShellScriptBuildPhase;
			buildActionMask = 2147483647;
			files = (
			);
			inputPaths = (
				"${PODS_PODFILE_DIR_PATH}/Podfile.lock",
				"${PODS_ROOT}/Manifest.lock",
			);
			name = "[CP] Check Pods Manifest.lock";
			outputPaths = (
				"$(DERIVED_FILE_DIR)/Pods-ReviewTests-checkManifestLockResult.txt",
			);
			runOnlyForDeploymentPostprocessing = 0;
			shellPath = /bin/sh;
			shellScript = "diff \"${PODS_PODFILE_DIR_PATH}/Podfile.lock\" \"${PODS_ROOT}/Manifest.lock\" > /dev/null\nif [ $? != 0 ] ; then\n    # print error to STDERR\n    echo \"error: The sandbox is not in sync with the Podfile.lock. Run 'pod install' or update your CocoaPods installation.\" >&2\n    exit 1\nfi\n# This output is used by Xcode 'outputs' to avoid re-running this script phase.\necho \"SUCCESS\" > \"${SCRIPT_OUTPUT_FILE_0}\"\n";
			showEnvVarsInLog = 0;
		};
		84C8E7F229B478990904327F /* [CP] Check Pods Manifest.lock */ = {
			isa = PBXShellScriptBuildPhase;
			buildActionMask = 2147483647;
			files = (
			);
			inputPaths = (
				"${PODS_PODFILE_DIR_PATH}/Podfile.lock",
				"${PODS_ROOT}/Manifest.lock",
			);
			name = "[CP] Check Pods Manifest.lock";
			outputPaths = (
				"$(DERIVED_FILE_DIR)/Pods-Review-checkManifestLockResult.txt",
			);
			runOnlyForDeploymentPostprocessing = 0;
			shellPath = /bin/sh;
			shellScript = "diff \"${PODS_PODFILE_DIR_PATH}/Podfile.lock\" \"${PODS_ROOT}/Manifest.lock\" > /dev/null\nif [ $? != 0 ] ; then\n    # print error to STDERR\n    echo \"error: The sandbox is not in sync with the Podfile.lock. Run 'pod install' or update your CocoaPods installation.\" >&2\n    exit 1\nfi\n# This output is used by Xcode 'outputs' to avoid re-running this script phase.\necho \"SUCCESS\" > \"${SCRIPT_OUTPUT_FILE_0}\"\n";
			showEnvVarsInLog = 0;
		};
		988433A02CCAB4B5D5BA1A8B /* [CP] Check Pods Manifest.lock */ = {
			isa = PBXShellScriptBuildPhase;
			buildActionMask = 2147483647;
			files = (
			);
			inputPaths = (
				"${PODS_PODFILE_DIR_PATH}/Podfile.lock",
				"${PODS_ROOT}/Manifest.lock",
			);
			name = "[CP] Check Pods Manifest.lock";
			outputPaths = (
				"$(DERIVED_FILE_DIR)/Pods-ReviewUITests-checkManifestLockResult.txt",
			);
			runOnlyForDeploymentPostprocessing = 0;
			shellPath = /bin/sh;
			shellScript = "diff \"${PODS_PODFILE_DIR_PATH}/Podfile.lock\" \"${PODS_ROOT}/Manifest.lock\" > /dev/null\nif [ $? != 0 ] ; then\n    # print error to STDERR\n    echo \"error: The sandbox is not in sync with the Podfile.lock. Run 'pod install' or update your CocoaPods installation.\" >&2\n    exit 1\nfi\n# This output is used by Xcode 'outputs' to avoid re-running this script phase.\necho \"SUCCESS\" > \"${SCRIPT_OUTPUT_FILE_0}\"\n";
			showEnvVarsInLog = 0;
		};
/* End PBXShellScriptBuildPhase section */

/* Begin PBXSourcesBuildPhase section */
		18F1C0A91ED7B4E300DD4E24 /* Sources */ = {
			isa = PBXSourcesBuildPhase;
			buildActionMask = 2147483647;
			files = (
				5C6D9DB522C60A7200880CCC /* BubbleSortVM.m in Sources */,
				18DE76EF1EDEB1630095997C /* SampleBaseViewController.m in Sources */,
				183B765F217B63710056B3B1 /* QSPTableViewFooterView.m in Sources */,
				183B7663217BA2330056B3B1 /* MainVM.m in Sources */,
				183B765A217B63710056B3B1 /* QSPTableViewCellVM.m in Sources */,
				183B7627217B5E680056B3B1 /* CommonTableViewCellVM.m in Sources */,
				5C4013AF219A7D73003976B9 /* BaseViewController.m in Sources */,
				18DE76EC1EDEAB420095997C /* JavaScriptCoreViewController.m in Sources */,
				183B765E217B63710056B3B1 /* QSPTableViewCell.m in Sources */,
				5C4013B5219AB01D003976B9 /* BaseM.m in Sources */,
				183B7669217BB6980056B3B1 /* DetailVM.m in Sources */,
				183B7659217B63710056B3B1 /* QSPTableViewVM.m in Sources */,
				18F1C0F31ED919BA00DD4E24 /* NotificationViewController.m in Sources */,
				183B762D217B5E680056B3B1 /* CommonTableViewHeaderView.m in Sources */,
				5CE27AAB22CB4E29008727C7 /* SortModel.swift in Sources */,
				183B765B217B63710056B3B1 /* UITableView+QSPMVVM.m in Sources */,
				183B7626217B5E680056B3B1 /* CommonTableViewSectionVM.m in Sources */,
				183B7658217B63710056B3B1 /* QSPTableViewSectionVM.m in Sources */,
				5C4013B8219AB246003976B9 /* ConFunc.m in Sources */,
				183B762B217B5E680056B3B1 /* CommonM.m in Sources */,
				183B765C217B63710056B3B1 /* QSPTableViewSectionM.m in Sources */,
				5CE27ADD22CCB014008727C7 /* SelectionSortVM.m in Sources */,
				5CE27A9922C9F68A008727C7 /* CommonTableViewVM.m in Sources */,
				18F1C0B81ED7B4E300DD4E24 /* MainViewController.m in Sources */,
				5C6D9DB222C47B0100880CCC /* CoordinateView.m in Sources */,
				183D688721757F83006F0CC4 /* Ticket.m in Sources */,
				5C4013BE219AC7F9003976B9 /* NotificationVM.m in Sources */,
				18F1C0B51ED7B4E300DD4E24 /* AppDelegate.m in Sources */,
				183B762C217B5E680056B3B1 /* CommonTableViewCell.m in Sources */,
				183B7666217BAEB80056B3B1 /* MainCellM.m in Sources */,
				18F1C0B21ED7B4E300DD4E24 /* main.m in Sources */,
				5C6D9DAF22C4761700880CCC /* BubbleSortViewController.m in Sources */,
				5C4013B2219A85E2003976B9 /* BaseVM.m in Sources */,
				183B7660217B63710056B3B1 /* QSPTableViewHeaderView.m in Sources */,
				183B7656217B63710056B3B1 /* QSPScrollViewVM.m in Sources */,
				183B7657217B63710056B3B1 /* QSPViewVM.m in Sources */,
				5CE27ADA22CCAE17008727C7 /* SelectionSortViewController.m in Sources */,
				5C4013C1219ACE54003976B9 /* JavaScriptCoreVM.m in Sources */,
				183B765D217B63710056B3B1 /* QSPView.m in Sources */,
				18F1C0F01ED7CD4D00DD4E24 /* DetailViewController.m in Sources */,
			);
			runOnlyForDeploymentPostprocessing = 0;
		};
		18F1C0C21ED7B4E300DD4E24 /* Sources */ = {
			isa = PBXSourcesBuildPhase;
			buildActionMask = 2147483647;
			files = (
				18F1C0CB1ED7B4E300DD4E24 /* ReviewTests.m in Sources */,
			);
			runOnlyForDeploymentPostprocessing = 0;
		};
		18F1C0CD1ED7B4E300DD4E24 /* Sources */ = {
			isa = PBXSourcesBuildPhase;
			buildActionMask = 2147483647;
			files = (
				18F1C0D61ED7B4E300DD4E24 /* ReviewUITests.m in Sources */,
			);
			runOnlyForDeploymentPostprocessing = 0;
		};
/* End PBXSourcesBuildPhase section */

/* Begin PBXTargetDependency section */
		18F1C0C81ED7B4E300DD4E24 /* PBXTargetDependency */ = {
			isa = PBXTargetDependency;
			target = 18F1C0AC1ED7B4E300DD4E24 /* Review */;
			targetProxy = 18F1C0C71ED7B4E300DD4E24 /* PBXContainerItemProxy */;
		};
		18F1C0D31ED7B4E300DD4E24 /* PBXTargetDependency */ = {
			isa = PBXTargetDependency;
			target = 18F1C0AC1ED7B4E300DD4E24 /* Review */;
			targetProxy = 18F1C0D21ED7B4E300DD4E24 /* PBXContainerItemProxy */;
		};
/* End PBXTargetDependency section */

/* Begin PBXVariantGroup section */
		18F1C0B91ED7B4E300DD4E24 /* Main.storyboard */ = {
			isa = PBXVariantGroup;
			children = (
				18F1C0BA1ED7B4E300DD4E24 /* Base */,
			);
			name = Main.storyboard;
			sourceTree = "<group>";
		};
		18F1C0BE1ED7B4E300DD4E24 /* LaunchScreen.storyboard */ = {
			isa = PBXVariantGroup;
			children = (
				18F1C0BF1ED7B4E300DD4E24 /* Base */,
			);
			name = LaunchScreen.storyboard;
			sourceTree = "<group>";
		};
/* End PBXVariantGroup section */

/* Begin XCBuildConfiguration section */
		18F1C0D81ED7B4E300DD4E24 /* Debug */ = {
			isa = XCBuildConfiguration;
			buildSettings = {
				ALWAYS_SEARCH_USER_PATHS = NO;
				CLANG_ANALYZER_NONNULL = YES;
				CLANG_CXX_LANGUAGE_STANDARD = "gnu++0x";
				CLANG_CXX_LIBRARY = "libc++";
				CLANG_ENABLE_MODULES = YES;
				CLANG_ENABLE_OBJC_ARC = YES;
				CLANG_WARN_BOOL_CONVERSION = YES;
				CLANG_WARN_CONSTANT_CONVERSION = YES;
				CLANG_WARN_DIRECT_OBJC_ISA_USAGE = YES_ERROR;
				CLANG_WARN_EMPTY_BODY = YES;
				CLANG_WARN_ENUM_CONVERSION = YES;
				CLANG_WARN_INT_CONVERSION = YES;
				CLANG_WARN_OBJC_ROOT_CLASS = YES_ERROR;
				CLANG_WARN_UNREACHABLE_CODE = YES;
				CLANG_WARN__DUPLICATE_METHOD_MATCH = YES;
				"CODE_SIGN_IDENTITY[sdk=iphoneos*]" = "iPhone Developer";
				COPY_PHASE_STRIP = NO;
				DEBUG_INFORMATION_FORMAT = dwarf;
				DEFINES_MODULE = YES;
				ENABLE_STRICT_OBJC_MSGSEND = YES;
				ENABLE_TESTABILITY = YES;
				GCC_C_LANGUAGE_STANDARD = gnu99;
				GCC_DYNAMIC_NO_PIC = NO;
				GCC_NO_COMMON_BLOCKS = YES;
				GCC_OPTIMIZATION_LEVEL = 0;
				GCC_PREPROCESSOR_DEFINITIONS = (
					"DEBUG=1",
					"$(inherited)",
				);
				GCC_WARN_64_TO_32_BIT_CONVERSION = YES;
				GCC_WARN_ABOUT_RETURN_TYPE = YES_ERROR;
				GCC_WARN_UNDECLARED_SELECTOR = YES;
				GCC_WARN_UNINITIALIZED_AUTOS = YES_AGGRESSIVE;
				GCC_WARN_UNUSED_FUNCTION = YES;
				GCC_WARN_UNUSED_VARIABLE = YES;
				IPHONEOS_DEPLOYMENT_TARGET = 9.3;
				MTL_ENABLE_DEBUG_INFO = YES;
				ONLY_ACTIVE_ARCH = YES;
				PRODUCT_MODULE_NAME = "$(PRODUCT_NAME:c99extidentifier)";
				PRODUCT_NAME = "";
				SDKROOT = iphoneos;
			};
			name = Debug;
		};
		18F1C0D91ED7B4E300DD4E24 /* Release */ = {
			isa = XCBuildConfiguration;
			buildSettings = {
				ALWAYS_SEARCH_USER_PATHS = NO;
				CLANG_ANALYZER_NONNULL = YES;
				CLANG_CXX_LANGUAGE_STANDARD = "gnu++0x";
				CLANG_CXX_LIBRARY = "libc++";
				CLANG_ENABLE_MODULES = YES;
				CLANG_ENABLE_OBJC_ARC = YES;
				CLANG_WARN_BOOL_CONVERSION = YES;
				CLANG_WARN_CONSTANT_CONVERSION = YES;
				CLANG_WARN_DIRECT_OBJC_ISA_USAGE = YES_ERROR;
				CLANG_WARN_EMPTY_BODY = YES;
				CLANG_WARN_ENUM_CONVERSION = YES;
				CLANG_WARN_INT_CONVERSION = YES;
				CLANG_WARN_OBJC_ROOT_CLASS = YES_ERROR;
				CLANG_WARN_UNREACHABLE_CODE = YES;
				CLANG_WARN__DUPLICATE_METHOD_MATCH = YES;
				"CODE_SIGN_IDENTITY[sdk=iphoneos*]" = "iPhone Developer";
				COPY_PHASE_STRIP = NO;
				DEBUG_INFORMATION_FORMAT = "dwarf-with-dsym";
				DEFINES_MODULE = YES;
				ENABLE_NS_ASSERTIONS = NO;
				ENABLE_STRICT_OBJC_MSGSEND = YES;
				GCC_C_LANGUAGE_STANDARD = gnu99;
				GCC_NO_COMMON_BLOCKS = YES;
				GCC_WARN_64_TO_32_BIT_CONVERSION = YES;
				GCC_WARN_ABOUT_RETURN_TYPE = YES_ERROR;
				GCC_WARN_UNDECLARED_SELECTOR = YES;
				GCC_WARN_UNINITIALIZED_AUTOS = YES_AGGRESSIVE;
				GCC_WARN_UNUSED_FUNCTION = YES;
				GCC_WARN_UNUSED_VARIABLE = YES;
				IPHONEOS_DEPLOYMENT_TARGET = 9.3;
				MTL_ENABLE_DEBUG_INFO = NO;
				PRODUCT_MODULE_NAME = "$(PRODUCT_NAME:c99extidentifier)";
				PRODUCT_NAME = "";
				SDKROOT = iphoneos;
				VALIDATE_PRODUCT = YES;
			};
			name = Release;
		};
		18F1C0DB1ED7B4E300DD4E24 /* Debug */ = {
			isa = XCBuildConfiguration;
			baseConfigurationReference = 0CA5C172A5A22BDC9D20E793 /* Pods-Review.debug.xcconfig */;
			buildSettings = {
				ASSETCATALOG_COMPILER_APPICON_NAME = AppIcon;
				CLANG_ENABLE_MODULES = YES;
				CODE_SIGN_IDENTITY = "iPhone Developer";
				CODE_SIGN_STYLE = Automatic;
				DEFINES_MODULE = NO;
				DEVELOPMENT_TEAM = CBB7T9SG3B;
				EMBED_ASSET_PACKS_IN_PRODUCT_BUNDLE = NO;
				GCC_PRECOMPILE_PREFIX_HEADER = YES;
				GCC_PREFIX_HEADER = Review/Class/Common/Source/PrefixHeader.pch;
				INFOPLIST_FILE = Review/Class/Other/System/Info.plist;
				IPHONEOS_DEPLOYMENT_TARGET = 9.0;
				LD_RUNPATH_SEARCH_PATHS = "$(inherited) @executable_path/Frameworks";
				OTHER_LDFLAGS = (
					"$(inherited)",
					"-ObjC",
				);
				OTHER_LIBTOOLFLAGS = "";
				PRODUCT_BUNDLE_IDENTIFIER = com.qq.781849568.Review;
				PRODUCT_MODULE_NAME = "$(PRODUCT_NAME:c99extidentifier)";
				PRODUCT_NAME = "$(TARGET_NAME)";
				PROVISIONING_PROFILE_SPECIFIER = "";
				SWIFT_OBJC_BRIDGING_HEADER = "Review/Class/Model/Review-Bridging-Header.h";
				SWIFT_OPTIMIZATION_LEVEL = "-Onone";
				SWIFT_VERSION = 5.0;
			};
			name = Debug;
		};
		18F1C0DC1ED7B4E300DD4E24 /* Release */ = {
			isa = XCBuildConfiguration;
			baseConfigurationReference = 2F4B22FFF908683B362871CD /* Pods-Review.release.xcconfig */;
			buildSettings = {
				ASSETCATALOG_COMPILER_APPICON_NAME = AppIcon;
				CLANG_ENABLE_MODULES = YES;
				CODE_SIGN_IDENTITY = "iPhone Developer";
				CODE_SIGN_STYLE = Automatic;
				DEFINES_MODULE = NO;
				DEVELOPMENT_TEAM = CBB7T9SG3B;
				EMBED_ASSET_PACKS_IN_PRODUCT_BUNDLE = NO;
				GCC_PRECOMPILE_PREFIX_HEADER = YES;
				GCC_PREFIX_HEADER = Review/Class/Common/Source/PrefixHeader.pch;
				INFOPLIST_FILE = Review/Class/Other/System/Info.plist;
				IPHONEOS_DEPLOYMENT_TARGET = 9.0;
				LD_RUNPATH_SEARCH_PATHS = "$(inherited) @executable_path/Frameworks";
				OTHER_LDFLAGS = (
					"$(inherited)",
					"-ObjC",
				);
				OTHER_LIBTOOLFLAGS = "";
				PRODUCT_BUNDLE_IDENTIFIER = com.qq.781849568.Review;
				PRODUCT_MODULE_NAME = "$(PRODUCT_NAME:c99extidentifier)";
				PRODUCT_NAME = "$(TARGET_NAME)";
				PROVISIONING_PROFILE_SPECIFIER = "";
				SWIFT_OBJC_BRIDGING_HEADER = "Review/Class/Model/Review-Bridging-Header.h";
				SWIFT_VERSION = 5.0;
			};
			name = Release;
		};
		18F1C0DE1ED7B4E300DD4E24 /* Debug */ = {
			isa = XCBuildConfiguration;
			baseConfigurationReference = 6735F191D0713D527C602580 /* Pods-ReviewTests.debug.xcconfig */;
			buildSettings = {
				ALWAYS_EMBED_SWIFT_STANDARD_LIBRARIES = YES;
				BUNDLE_LOADER = "$(TEST_HOST)";
				INFOPLIST_FILE = ReviewTests/Info.plist;
				LD_RUNPATH_SEARCH_PATHS = "$(inherited) @executable_path/Frameworks @loader_path/Frameworks";
				PRODUCT_BUNDLE_IDENTIFIER = com.qq.781849568.ReviewTests;
				PRODUCT_NAME = "$(TARGET_NAME)";
				TEST_HOST = "$(BUILT_PRODUCTS_DIR)/Review.app/Review";
			};
			name = Debug;
		};
		18F1C0DF1ED7B4E300DD4E24 /* Release */ = {
			isa = XCBuildConfiguration;
			baseConfigurationReference = 7D773890688DBC6980659C1B /* Pods-ReviewTests.release.xcconfig */;
			buildSettings = {
				ALWAYS_EMBED_SWIFT_STANDARD_LIBRARIES = YES;
				BUNDLE_LOADER = "$(TEST_HOST)";
				INFOPLIST_FILE = ReviewTests/Info.plist;
				LD_RUNPATH_SEARCH_PATHS = "$(inherited) @executable_path/Frameworks @loader_path/Frameworks";
				PRODUCT_BUNDLE_IDENTIFIER = com.qq.781849568.ReviewTests;
				PRODUCT_NAME = "$(TARGET_NAME)";
				TEST_HOST = "$(BUILT_PRODUCTS_DIR)/Review.app/Review";
			};
			name = Release;
		};
		18F1C0E11ED7B4E300DD4E24 /* Debug */ = {
			isa = XCBuildConfiguration;
			baseConfigurationReference = F2681D142D1477B146D27200 /* Pods-ReviewUITests.debug.xcconfig */;
			buildSettings = {
				ALWAYS_EMBED_SWIFT_STANDARD_LIBRARIES = YES;
				INFOPLIST_FILE = ReviewUITests/Info.plist;
				LD_RUNPATH_SEARCH_PATHS = "$(inherited) @executable_path/Frameworks @loader_path/Frameworks";
				PRODUCT_BUNDLE_IDENTIFIER = com.qq.781849568.ReviewUITests;
				PRODUCT_NAME = "$(TARGET_NAME)";
				TEST_TARGET_NAME = Review;
			};
			name = Debug;
		};
		18F1C0E21ED7B4E300DD4E24 /* Release */ = {
			isa = XCBuildConfiguration;
			baseConfigurationReference = D8FF3820B67C63E33A6EBC26 /* Pods-ReviewUITests.release.xcconfig */;
			buildSettings = {
				ALWAYS_EMBED_SWIFT_STANDARD_LIBRARIES = YES;
				INFOPLIST_FILE = ReviewUITests/Info.plist;
				LD_RUNPATH_SEARCH_PATHS = "$(inherited) @executable_path/Frameworks @loader_path/Frameworks";
				PRODUCT_BUNDLE_IDENTIFIER = com.qq.781849568.ReviewUITests;
				PRODUCT_NAME = "$(TARGET_NAME)";
				TEST_TARGET_NAME = Review;
			};
			name = Release;
		};
/* End XCBuildConfiguration section */

/* Begin XCConfigurationList section */
		18F1C0A81ED7B4E300DD4E24 /* Build configuration list for PBXProject "Review" */ = {
			isa = XCConfigurationList;
			buildConfigurations = (
				18F1C0D81ED7B4E300DD4E24 /* Debug */,
				18F1C0D91ED7B4E300DD4E24 /* Release */,
			);
			defaultConfigurationIsVisible = 0;
			defaultConfigurationName = Release;
		};
		18F1C0DA1ED7B4E300DD4E24 /* Build configuration list for PBXNativeTarget "Review" */ = {
			isa = XCConfigurationList;
			buildConfigurations = (
				18F1C0DB1ED7B4E300DD4E24 /* Debug */,
				18F1C0DC1ED7B4E300DD4E24 /* Release */,
			);
			defaultConfigurationIsVisible = 0;
			defaultConfigurationName = Release;
		};
		18F1C0DD1ED7B4E300DD4E24 /* Build configuration list for PBXNativeTarget "ReviewTests" */ = {
			isa = XCConfigurationList;
			buildConfigurations = (
				18F1C0DE1ED7B4E300DD4E24 /* Debug */,
				18F1C0DF1ED7B4E300DD4E24 /* Release */,
			);
			defaultConfigurationIsVisible = 0;
			defaultConfigurationName = Release;
		};
		18F1C0E01ED7B4E300DD4E24 /* Build configuration list for PBXNativeTarget "ReviewUITests" */ = {
			isa = XCConfigurationList;
			buildConfigurations = (
				18F1C0E11ED7B4E300DD4E24 /* Debug */,
				18F1C0E21ED7B4E300DD4E24 /* Release */,
			);
			defaultConfigurationIsVisible = 0;
			defaultConfigurationName = Release;
		};
/* End XCConfigurationList section */
	};
	rootObject = 18F1C0A51ED7B4E300DD4E24 /* Project object */;
}
